{
  "name": "toajs.com",
  "version": "1.4.5",
  "npm-shrinkwrap-version": "200.5.1",
  "node-version": "v4.4.4",
  "dependencies": {
    "config": {
      "version": "1.21.0",
      "resolved": "http://registry.npm.taobao.org/config/download/config-1.21.0.tgz",
      "dependencies": {
        "json5": {
          "version": "0.4.0",
          "resolved": "http://registry.npm.taobao.org/json5/download/json5-0.4.0.tgz"
        }
      }
    },
    "http-errors": {
      "version": "1.5.0",
      "resolved": "http://registry.npm.taobao.org/http-errors/download/http-errors-1.5.0.tgz",
      "dependencies": {
        "inherits": {
          "version": "2.0.1",
          "resolved": "http://registry.npm.taobao.org/inherits/download/inherits-2.0.1.tgz"
        },
        "setprototypeof": {
          "version": "1.0.1",
          "resolved": "http://registry.npm.taobao.org/setprototypeof/download/setprototypeof-1.0.1.tgz"
        },
        "statuses": {
          "version": "1.3.0",
          "resolved": "http://registry.npm.taobao.org/statuses/download/statuses-1.3.0.tgz"
        }
      }
    },
    "ilog": {
      "version": "1.0.3",
      "resolved": "http://registry.npm.taobao.org/ilog/download/ilog-1.0.3.tgz"
    },
    "thunks": {
      "version": "4.2.2",
      "resolved": "http://registry.npm.taobao.org/thunks/download/thunks-4.2.2.tgz"
    },
    "toa": {
      "version": "1.5.1",
      "resolved": "http://registry.npm.taobao.org/toa/download/toa-1.5.1.tgz",
      "dependencies": {
        "accepts": {
          "version": "1.3.3",
          "resolved": "http://registry.npm.taobao.org/accepts/download/accepts-1.3.3.tgz",
          "dependencies": {
            "negotiator": {
              "version": "0.6.1",
              "resolved": "http://registry.npm.taobao.org/negotiator/download/negotiator-0.6.1.tgz"
            }
          }
        },
        "content-disposition": {
          "version": "0.5.1",
          "resolved": "http://registry.npm.taobao.org/content-disposition/download/content-disposition-0.5.1.tgz"
        },
        "content-type": {
          "version": "1.0.2",
          "resolved": "http://registry.npm.taobao.org/content-type/download/content-type-1.0.2.tgz"
        },
        "cookies": {
          "version": "0.6.1",
          "resolved": "http://registry.npm.taobao.org/cookies/download/cookies-0.6.1.tgz",
          "dependencies": {
            "depd": {
              "version": "1.1.0",
              "resolved": "http://registry.npm.taobao.org/depd/download/depd-1.1.0.tgz"
            },
            "keygrip": {
              "version": "1.0.1",
              "resolved": "http://registry.npm.taobao.org/keygrip/download/keygrip-1.0.1.tgz"
            }
          }
        },
        "delegates": {
          "version": "1.0.0",
          "resolved": "http://registry.npm.taobao.org/delegates/download/delegates-1.0.0.tgz"
        },
        "destroy": {
          "version": "1.0.4",
          "resolved": "http://registry.npm.taobao.org/destroy/download/destroy-1.0.4.tgz"
        },
        "escape-html": {
          "version": "1.0.3",
          "resolved": "http://registry.npm.taobao.org/escape-html/download/escape-html-1.0.3.tgz"
        },
        "fresh": {
          "version": "0.3.0",
          "resolved": "http://registry.npm.taobao.org/fresh/download/fresh-0.3.0.tgz"
        },
        "mime-types": {
          "version": "2.1.11",
          "resolved": "http://registry.npm.taobao.org/mime-types/download/mime-types-2.1.11.tgz",
          "dependencies": {
            "mime-db": {
              "version": "1.23.0",
              "resolved": "http://registry.npm.taobao.org/mime-db/download/mime-db-1.23.0.tgz"
            }
          }
        },
        "on-finished": {
          "version": "2.3.0",
          "resolved": "http://registry.npm.taobao.org/on-finished/download/on-finished-2.3.0.tgz",
          "dependencies": {
            "ee-first": {
              "version": "1.1.1",
              "resolved": "http://registry.npm.taobao.org/ee-first/download/ee-first-1.1.1.tgz"
            }
          }
        },
        "parseurl": {
          "version": "1.3.1",
          "resolved": "http://registry.npm.taobao.org/parseurl/download/parseurl-1.3.1.tgz"
        },
        "type-is": {
          "version": "1.6.13",
          "resolved": "http://registry.npm.taobao.org/type-is/download/type-is-1.6.13.tgz",
          "dependencies": {
            "media-typer": {
              "version": "0.3.0",
              "resolved": "http://registry.npm.taobao.org/media-typer/download/media-typer-0.3.0.tgz"
            }
          }
        },
        "vary": {
          "version": "1.1.0",
          "resolved": "http://registry.npm.taobao.org/vary/download/vary-1.1.0.tgz"
        }
      }
    },
    "toa-body": {
      "version": "1.3.1",
      "resolved": "http://registry.npm.taobao.org/toa-body/download/toa-body-1.3.1.tgz",
      "dependencies": {
        "co-body": {
          "version": "4.0.0",
          "resolved": "http://registry.npm.taobao.org/co-body/download/co-body-4.0.0.tgz",
          "dependencies": {
            "qs": {
              "version": "4.0.0",
              "resolved": "http://registry.npm.taobao.org/qs/download/qs-4.0.0.tgz"
            },
            "raw-body": {
              "version": "2.1.7",
              "resolved": "http://registry.npm.taobao.org/raw-body/download/raw-body-2.1.7.tgz",
              "dependencies": {
                "bytes": {
                  "version": "2.4.0",
                  "resolved": "http://registry.npm.taobao.org/bytes/download/bytes-2.4.0.tgz"
                },
                "iconv-lite": {
                  "version": "0.4.13",
                  "resolved": "http://registry.npm.taobao.org/iconv-lite/download/iconv-lite-0.4.13.tgz"
                },
                "unpipe": {
                  "version": "1.0.0",
                  "resolved": "http://registry.npm.taobao.org/unpipe/download/unpipe-1.0.0.tgz"
                }
              }
            }
          }
        },
        "copy-to": {
          "version": "2.0.1",
          "resolved": "http://registry.npm.taobao.org/copy-to/download/copy-to-2.0.1.tgz"
        }
      }
    },
    "toa-compress": {
      "version": "1.2.1",
      "resolved": "http://registry.npm.taobao.org/toa-compress/download/toa-compress-1.2.1.tgz",
      "dependencies": {
        "compressible": {
          "version": "2.0.8",
          "resolved": "http://registry.npm.taobao.org/compressible/download/compressible-2.0.8.tgz"
        }
      }
    },
    "toa-favicon": {
      "version": "1.2.1",
      "resolved": "http://registry.npm.taobao.org/toa-favicon/download/toa-favicon-1.2.1.tgz"
    },
    "toa-i18n": {
      "version": "0.2.0",
      "resolved": "http://registry.npm.taobao.org/toa-i18n/download/toa-i18n-0.2.0.tgz",
      "dependencies": {
        "i18n": {
          "version": "0.5.0",
          "resolved": "http://registry.npm.taobao.org/i18n/download/i18n-0.5.0.tgz",
          "dependencies": {
            "mustache": {
              "version": "2.2.1",
              "resolved": "http://registry.npm.taobao.org/mustache/download/mustache-2.2.1.tgz"
            },
            "sprintf": {
              "version": "0.1.5",
              "resolved": "http://registry.npm.taobao.org/sprintf/download/sprintf-0.1.5.tgz"
            }
          }
        }
      }
    },
    "toa-mejs": {
      "version": "0.3.2",
      "resolved": "http://registry.npm.taobao.org/toa-mejs/download/toa-mejs-0.3.2.tgz",
      "dependencies": {
        "mejs": {
          "version": "0.7.0",
          "resolved": "http://registry.npm.taobao.org/mejs/download/mejs-0.7.0.tgz",
          "dependencies": {
            "glob": {
              "version": "6.0.4",
              "resolved": "http://registry.npm.taobao.org/glob/download/glob-6.0.4.tgz"
            }
          }
        }
      }
    },
    "toa-pm": {
      "version": "0.2.2",
      "resolved": "http://registry.npm.taobao.org/toa-pm/download/toa-pm-0.2.2.tgz"
    },
    "toa-router": {
      "version": "1.3.3",
      "resolved": "http://registry.npm.taobao.org/toa-router/download/toa-router-1.3.3.tgz",
      "dependencies": {
        "methods": {
          "version": "1.1.2",
          "resolved": "http://registry.npm.taobao.org/methods/download/methods-1.1.2.tgz"
        },
        "route-trie": {
          "version": "1.2.6",
          "resolved": "http://registry.npm.taobao.org/route-trie/download/route-trie-1.2.6.tgz"
        }
      }
    },
    "toa-static": {
      "version": "0.5.2",
      "resolved": "http://registry.npm.taobao.org/toa-static/download/toa-static-0.5.2.tgz",
      "dependencies": {
        "file-cache": {
          "version": "0.3.3",
          "resolved": "http://registry.npm.taobao.org/file-cache/download/file-cache-0.3.3.tgz",
          "dependencies": {
            "lrucache": {
              "version": "0.2.0",
              "resolved": "http://registry.npm.taobao.org/lrucache/download/lrucache-0.2.0.tgz"
            },
            "thunks": {
              "version": "3.5.2",
              "resolved": "http://registry.npm.taobao.org/thunks/download/thunks-3.5.2.tgz"
            }
          }
        }
      }
    }
  }
}
